
Microsoft Visual Studio Solution File, Format Version 12.00
# Visual Studio Version 17
VisualStudioVersion = 17.5.33530.505
MinimumVisualStudioVersion = 10.0.40219.1
Project("{FAE04EC0-301F-11D3-BF4B-00C04F79EFBC}") = "5_stock", "5_stock.csproj", "{C8DEEFDF-FBF9-4062-BB33-DAB746CBE5DF}"
EndProject
Global
	GlobalSection(SolutionConfigurationPlatforms) = preSolution
		Debug|Any CPU = Debug|Any CPU
		Release|Any CPU = Release|Any CPU
	EndGlobalSection
	GlobalSection(ProjectConfigurationPlatforms) = postSolution
		{C8DEEFDF-FBF9-4062-BB33-DAB746CBE5DF}.Debug|Any CPU.ActiveCfg = Debug|Any CPU
		{C8DEEFDF-FBF9-4062-BB33-DAB746CBE5DF}.Debug|Any CPU.Build.0 = Debug|Any CPU
		{C8DEEFDF-FBF9-4062-BB33-DAB746CBE5DF}.Release|Any CPU.ActiveCfg = Release|Any CPU
		{C8DEEFDF-FBF9-4062-BB33-DAB746CBE5DF}.Release|Any CPU.Build.0 = Release|Any CPU
	EndGlobalSection
	GlobalSection(SolutionProperties) = preSolution
		HideSolutionNode = FALSE
	EndGlobalSection
	GlobalSection(ExtensibilityGlobals) = postSolution
		SolutionGuid = {8D64A2F2-BA63-4E36-826C-8C0506FE8063}
	EndGlobalSection
EndGlobal
